
Microsoft Visual Studio Solution File, Format Version 12.00
# Visual Studio 14
VisualStudioVersion = 14.0.25420.1
MinimumVisualStudioVersion = 10.0.40219.1
Project("{2150E333-8FDC-42A3-9474-1A3956D46DE8}") = "src", "src", "{C3BC5C30-0E3C-46C2-A1A3-D0AD095A56A3}"
EndProject
Project("{2150E333-8FDC-42A3-9474-1A3956D46DE8}") = "Solution Items", "Solution Items", "{F84F9E11-1ABD-454C-8CEE-B7031B934B24}"
	ProjectSection(SolutionItems) = preProject
		global.json = global.json
	EndProjectSection
EndProject
Project("{8BB2217D-0F2D-49D1-97BC-3654ED321F3B}") = "WebApplication1", "src\WebApplication1\WebApplication1.xproj", "{4F325E8D-8709-44BA-9AAF-1155EB20451D}"
EndProject
Global
	GlobalSection(SolutionConfigurationPlatforms) = preSolution
		Debug|Any CPU = Debug|Any CPU
		Release|Any CPU = Release|Any CPU
	EndGlobalSection
	GlobalSection(ProjectConfigurationPlatforms) = postSolution
		{4F325E8D-8709-44BA-9AAF-1155EB20451D}.Debug|Any CPU.ActiveCfg = Debug|Any CPU
		{4F325E8D-8709-44BA-9AAF-1155EB20451D}.Debug|Any CPU.Build.0 = Debug|Any CPU
		{4F325E8D-8709-44BA-9AAF-1155EB20451D}.Release|Any CPU.ActiveCfg = Release|Any CPU
		{4F325E8D-8709-44BA-9AAF-1155EB20451D}.Release|Any CPU.Build.0 = Release|Any CPU
	EndGlobalSection
	GlobalSection(SolutionProperties) = preSolution
		HideSolutionNode = FALSE
	EndGlobalSection
	GlobalSection(NestedProjects) = preSolution
		{4F325E8D-8709-44BA-9AAF-1155EB20451D} = {C3BC5C30-0E3C-46C2-A1A3-D0AD095A56A3}
	EndGlobalSection
EndGlobal
